
Microsoft Visual Studio Solution File, Format Version 12.00
# Visual Studio Version 16
VisualStudioVersion = 16.0.30523.141
MinimumVisualStudioVersion = 10.0.40219.1
Project("{FAE04EC0-301F-11D3-BF4B-00C04F79EFBC}") = "EShopWebMVC", "EShopWebMVC\EShopWebMVC.csproj", "{035246DD-7A38-4EA3-AD59-C58DC676984E}"
EndProject
Global
	GlobalSection(SolutionConfigurationPlatforms) = preSolution
		Debug|Any CPU = Debug|Any CPU
		Release|Any CPU = Release|Any CPU
	EndGlobalSection
	GlobalSection(ProjectConfigurationPlatforms) = postSolution
		{035246DD-7A38-4EA3-AD59-C58DC676984E}.Debug|Any CPU.ActiveCfg = Debug|Any CPU
		{035246DD-7A38-4EA3-AD59-C58DC676984E}.Debug|Any CPU.Build.0 = Debug|Any CPU
		{035246DD-7A38-4EA3-AD59-C58DC676984E}.Release|Any CPU.ActiveCfg = Release|Any CPU
		{035246DD-7A38-4EA3-AD59-C58DC676984E}.Release|Any CPU.Build.0 = Release|Any CPU
	EndGlobalSection
	GlobalSection(SolutionProperties) = preSolution
		HideSolutionNode = FALSE
	EndGlobalSection
	GlobalSection(ExtensibilityGlobals) = postSolution
		SolutionGuid = {E018134A-F8AF-4094-862D-02B7DD09006E}
	EndGlobalSection
EndGlobal
